// !$*UTF8*$!
{
	archiveVersion = 1;
	classes = {
	};
	objectVersion = 50;
	objects = {

/* Begin PBXBuildFile section */
		0A426DC822654ABE00AEC09C /* AppDelegate.swift in Sources */ = {isa = PBXBuildFile; fileRef = 0A426DC722654ABE00AEC09C /* AppDelegate.swift */; };
		0A426DCA22654ABE00AEC09C /* ViewController.swift in Sources */ = {isa = PBXBuildFile; fileRef = 0A426DC922654ABE00AEC09C /* ViewController.swift */; };
		0A426DCD22654ABE00AEC09C /* Main.storyboard in Resources */ = {isa = PBXBuildFile; fileRef = 0A426DCB22654ABE00AEC09C /* Main.storyboard */; };
		0A426DD022654ABE00AEC09C /* Program_6.xcdatamodeld in Sources */ = {isa = PBXBuildFile; fileRef = 0A426DCE22654ABE00AEC09C /* Program_6.xcdatamodeld */; };
		0A426DD222654AC000AEC09C /* Assets.xcassets in Resources */ = {isa = PBXBuildFile; fileRef = 0A426DD122654AC000AEC09C /* Assets.xcassets */; };
		0A426DD522654AC000AEC09C /* LaunchScreen.storyboard in Resources */ = {isa = PBXBuildFile; fileRef = 0A426DD322654AC000AEC09C /* LaunchScreen.storyboard */; };
		0A426DE022654AC000AEC09C /* Program_6Tests.swift in Sources */ = {isa = PBXBuildFile; fileRef = 0A426DDF22654AC000AEC09C /* Program_6Tests.swift */; };
		0A426DEB22654AC000AEC09C /* Program_6UITests.swift in Sources */ = {isa = PBXBuildFile; fileRef = 0A426DEA22654AC000AEC09C /* Program_6UITests.swift */; };
		0D6405EF93254C01478187C4 /* Pods_Program_6.framework in Frameworks */ = {isa = PBXBuildFile; fileRef = CB572F2D06EEF0A4B0FDB6CF /* Pods_Program_6.framework */; };
		3EF94244B2E9D229A942530E /* Pods_Program_6Tests.framework in Frameworks */ = {isa = PBXBuildFile; fileRef = EC7650ED5B4A3E0D5D34E548 /* Pods_Program_6Tests.framework */; };
		62E9A2530AD9CABBC4E3D139 /* Pods_Program_6UITests.framework in Frameworks */ = {isa = PBXBuildFile; fileRef = F3C5C42F2BBCFC39A992F58B /* Pods_Program_6UITests.framework */; };
/* End PBXBuildFile section */

/* Begin PBXContainerItemProxy section */
		0A426DDC22654AC000AEC09C /* PBXContainerItemProxy */ = {
			isa = PBXContainerItemProxy;
			containerPortal = 0A426DBC22654ABE00AEC09C /* Project object */;
			proxyType = 1;
			remoteGlobalIDString = 0A426DC322654ABE00AEC09C;
			remoteInfo = Program_6;
		};
		0A426DE722654AC000AEC09C /* PBXContainerItemProxy */ = {
			isa = PBXContainerItemProxy;
			containerPortal = 0A426DBC22654ABE00AEC09C /* Project object */;
			proxyType = 1;
			remoteGlobalIDString = 0A426DC322654ABE00AEC09C;
			remoteInfo = Program_6;
		};
/* End PBXContainerItemProxy section */

/* Begin PBXFileReference section */
		0A426DC422654ABE00AEC09C /* Program_6.app */ = {isa = PBXFileReference; explicitFileType = wrapper.application; includeInIndex = 0; path = Program_6.app; sourceTree = BUILT_PRODUCTS_DIR; };
		0A426DC722654ABE00AEC09C /* AppDelegate.swift */ = {isa = PBXFileReference; lastKnownFileType = sourcecode.swift; path = AppDelegate.swift; sourceTree = "<group>"; };
		0A426DC922654ABE00AEC09C /* ViewController.swift */ = {isa = PBXFileReference; lastKnownFileType = sourcecode.swift; path = ViewController.swift; sourceTree = "<group>"; };
		0A426DCC22654ABE00AEC09C /* Base */ = {isa = PBXFileReference; lastKnownFileType = file.storyboard; name = Base; path = Base.lproj/Main.storyboard; sourceTree = "<group>"; };
		0A426DCF22654ABE00AEC09C /* Program_6.xcdatamodel */ = {isa = PBXFileReference; lastKnownFileType = wrapper.xcdatamodel; path = Program_6.xcdatamodel; sourceTree = "<group>"; };
		0A426DD122654AC000AEC09C /* Assets.xcassets */ = {isa = PBXFileReference; lastKnownFileType = folder.assetcatalog; path = Assets.xcassets; sourceTree = "<group>"; };
		0A426DD422654AC000AEC09C /* Base */ = {isa = PBXFileReference; lastKnownFileType = file.storyboard; name = Base; path = Base.lproj/LaunchScreen.storyboard; sourceTree = "<group>"; };
		0A426DD622654AC000AEC09C /* Info.plist */ = {isa = PBXFileReference; lastKnownFileType = text.plist.xml; path = Info.plist; sourceTree = "<group>"; };
		0A426DDB22654AC000AEC09C /* Program_6Tests.xctest */ = {isa = PBXFileReference; explicitFileType = wrapper.cfbundle; includeInIndex = 0; path = Program_6Tests.xctest; sourceTree = BUILT_PRODUCTS_DIR; };
		0A426DDF22654AC000AEC09C /* Program_6Tests.swift */ = {isa = PBXFileReference; lastKnownFileType = sourcecode.swift; path = Program_6Tests.swift; sourceTree = "<group>"; };
		0A426DE122654AC000AEC09C /* Info.plist */ = {isa = PBXFileReference; lastKnownFileType = text.plist.xml; path = Info.plist; sourceTree = "<group>"; };
		0A426DE622654AC000AEC09C /* Program_6UITests.xctest */ = {isa = PBXFileReference; explicitFileType = wrapper.cfbundle; includeInIndex = 0; path = Program_6UITests.xctest; sourceTree = BUILT_PRODUCTS_DIR; };
		0A426DEA22654AC000AEC09C /* Program_6UITests.swift */ = {isa = PBXFileReference; lastKnownFileType = sourcecode.swift; path = Program_6UITests.swift; sourceTree = "<group>"; };
		0A426DEC22654AC000AEC09C /* Info.plist */ = {isa = PBXFileReference; lastKnownFileType = text.plist.xml; path = Info.plist; sourceTree = "<group>"; };
		173AF391CC728C9F74239339 /* Pods-Program_6UITests.release.xcconfig */ = {isa = PBXFileReference; includeInIndex = 1; lastKnownFileType = text.xcconfig; name = "Pods-Program_6UITests.release.xcconfig"; path = "Target Support Files/Pods-Program_6UITests/Pods-Program_6UITests.release.xcconfig"; sourceTree = "<group>"; };
		7217BA1EA99D09914F7EB9C3 /* Pods-Program_6.debug.xcconfig */ = {isa = PBXFileReference; includeInIndex = 1; lastKnownFileType = text.xcconfig; name = "Pods-Program_6.debug.xcconfig"; path = "Target Support Files/Pods-Program_6/Pods-Program_6.debug.xcconfig"; sourceTree = "<group>"; };
		CB572F2D06EEF0A4B0FDB6CF /* Pods_Program_6.framework */ = {isa = PBXFileReference; explicitFileType = wrapper.framework; includeInIndex = 0; path = Pods_Program_6.framework; sourceTree = BUILT_PRODUCTS_DIR; };
		DB82FC889D70492046117D2B /* Pods-Program_6Tests.debug.xcconfig */ = {isa = PBXFileReference; includeInIndex = 1; lastKnownFileType = text.xcconfig; name = "Pods-Program_6Tests.debug.xcconfig"; path = "Target Support Files/Pods-Program_6Tests/Pods-Program_6Tests.debug.xcconfig"; sourceTree = "<group>"; };
		E0CFD49AF8EEA961BCC0F017 /* Pods-Program_6.release.xcconfig */ = {isa = PBXFileReference; includeInIndex = 1; lastKnownFileType = text.xcconfig; name = "Pods-Program_6.release.xcconfig"; path = "Target Support Files/Pods-Program_6/Pods-Program_6.release.xcconfig"; sourceTree = "<group>"; };
		E34FBC2C88E89901EFC72668 /* Pods-Program_6UITests.debug.xcconfig */ = {isa = PBXFileReference; includeInIndex = 1; lastKnownFileType = text.xcconfig; name = "Pods-Program_6UITests.debug.xcconfig"; path = "Target Support Files/Pods-Program_6UITests/Pods-Program_6UITests.debug.xcconfig"; sourceTree = "<group>"; };
		EC7650ED5B4A3E0D5D34E548 /* Pods_Program_6Tests.framework */ = {isa = PBXFileReference; explicitFileType = wrapper.framework; includeInIndex = 0; path = Pods_Program_6Tests.framework; sourceTree = BUILT_PRODUCTS_DIR; };
		F3C5C42F2BBCFC39A992F58B /* Pods_Program_6UITests.framework */ = {isa = PBXFileReference; explicitFileType = wrapper.framework; includeInIndex = 0; path = Pods_Program_6UITests.framework; sourceTree = BUILT_PRODUCTS_DIR; };
		FBF8AD4DF10E5C4D78829B3C /* Pods-Program_6Tests.release.xcconfig */ = {isa = PBXFileReference; includeInIndex = 1; lastKnownFileType = text.xcconfig; name = "Pods-Program_6Tests.release.xcconfig"; path = "Target Support Files/Pods-Program_6Tests/Pods-Program_6Tests.release.xcconfig"; sourceTree = "<group>"; };
/* End PBXFileReference section */

/* Begin PBXFrameworksBuildPhase section */
		0A426DC122654ABE00AEC09C /* Frameworks */ = {
			isa = PBXFrameworksBuildPhase;
			buildActionMask = 2147483647;
			files = (
				0D6405EF93254C01478187C4 /* Pods_Program_6.framework in Frameworks */,
			);
			runOnlyForDeploymentPostprocessing = 0;
		};
		0A426DD822654AC000AEC09C /* Frameworks */ = {
			isa = PBXFrameworksBuildPhase;
			buildActionMask = 2147483647;
			files = (
				3EF94244B2E9D229A942530E /* Pods_Program_6Tests.framework in Frameworks */,
			);
			runOnlyForDeploymentPostprocessing = 0;
		};
		0A426DE322654AC000AEC09C /* Frameworks */ = {
			isa = PBXFrameworksBuildPhase;
			buildActionMask = 2147483647;
			files = (
				62E9A2530AD9CABBC4E3D139 /* Pods_Program_6UITests.framework in Frameworks */,
			);
			runOnlyForDeploymentPostprocessing = 0;
		};
/* End PBXFrameworksBuildPhase section */

/* Begin PBXGroup section */
		0A426DBB22654ABE00AEC09C = {
			isa = PBXGroup;
			children = (
				0A426DC622654ABE00AEC09C /* Program_6 */,
				0A426DDE22654AC000AEC09C /* Program_6Tests */,
				0A426DE922654AC000AEC09C /* Program_6UITests */,
				0A426DC522654ABE00AEC09C /* Products */,
				B6E9A34D3A08E72A1935284A /* Pods */,
				DC420214626FE44328FB9DEF /* Frameworks */,
			);
			sourceTree = "<group>";
		};
		0A426DC522654ABE00AEC09C /* Products */ = {
			isa = PBXGroup;
			children = (
				0A426DC422654ABE00AEC09C /* Program_6.app */,
				0A426DDB22654AC000AEC09C /* Program_6Tests.xctest */,
				0A426DE622654AC000AEC09C /* Program_6UITests.xctest */,
			);
			name = Products;
			sourceTree = "<group>";
		};
		0A426DC622654ABE00AEC09C /* Program_6 */ = {
			isa = PBXGroup;
			children = (
				0A426DC722654ABE00AEC09C /* AppDelegate.swift */,
				0A426DC922654ABE00AEC09C /* ViewController.swift */,
				0A426DCB22654ABE00AEC09C /* Main.storyboard */,
				0A426DD122654AC000AEC09C /* Assets.xcassets */,
				0A426DD322654AC000AEC09C /* LaunchScreen.storyboard */,
				0A426DD622654AC000AEC09C /* Info.plist */,
				0A426DCE22654ABE00AEC09C /* Program_6.xcdatamodeld */,
			);
			path = Program_6;
			sourceTree = "<group>";
		};
		0A426DDE22654AC000AEC09C /* Program_6Tests */ = {
			isa = PBXGroup;
			children = (
				0A426DDF22654AC000AEC09C /* Program_6Tests.swift */,
				0A426DE122654AC000AEC09C /* Info.plist */,
			);
			path = Program_6Tests;
			sourceTree = "<group>";
		};
		0A426DE922654AC000AEC09C /* Program_6UITests */ = {
			isa = PBXGroup;
			children = (
				0A426DEA22654AC000AEC09C /* Program_6UITests.swift */,
				0A426DEC22654AC000AEC09C /* Info.plist */,
			);
			path = Program_6UITests;
			sourceTree = "<group>";
		};
		B6E9A34D3A08E72A1935284A /* Pods */ = {
			isa = PBXGroup;
			children = (
				7217BA1EA99D09914F7EB9C3 /* Pods-Program_6.debug.xcconfig */,
				E0CFD49AF8EEA961BCC0F017 /* Pods-Program_6.release.xcconfig */,
				DB82FC889D70492046117D2B /* Pods-Program_6Tests.debug.xcconfig */,
				FBF8AD4DF10E5C4D78829B3C /* Pods-Program_6Tests.release.xcconfig */,
				E34FBC2C88E89901EFC72668 /* Pods-Program_6UITests.debug.xcconfig */,
				173AF391CC728C9F74239339 /* Pods-Program_6UITests.release.xcconfig */,
			);
			path = Pods;
			sourceTree = "<group>";
		};
		DC420214626FE44328FB9DEF /* Frameworks */ = {
			isa = PBXGroup;
			children = (
				CB572F2D06EEF0A4B0FDB6CF /* Pods_Program_6.framework */,
				EC7650ED5B4A3E0D5D34E548 /* Pods_Program_6Tests.framework */,
				F3C5C42F2BBCFC39A992F58B /* Pods_Program_6UITests.framework */,
			);
			name = Frameworks;
			sourceTree = "<group>";
		};
/* End PBXGroup section */

/* Begin PBXNativeTarget section */
		0A426DC322654ABE00AEC09C /* Program_6 */ = {
			isa = PBXNativeTarget;
			buildConfigurationList = 0A426DEF22654AC000AEC09C /* Build configuration list for PBXNativeTarget "Program_6" */;
			buildPhases = (
				D9555A5A26D6BA7EAC274C07 /* [CP] Check Pods Manifest.lock */,
				0A426DC022654ABE00AEC09C /* Sources */,
				0A426DC122654ABE00AEC09C /* Frameworks */,
				0A426DC222654ABE00AEC09C /* Resources */,
				E0E384F643F4477AEEC35A31 /* [CP] Embed Pods Frameworks */,
			);
			buildRules = (
			);
			dependencies = (
			);
			name = Program_6;
			productName = Program_6;
			productReference = 0A426DC422654ABE00AEC09C /* Program_6.app */;
			productType = "com.apple.product-type.application";
		};
		0A426DDA22654AC000AEC09C /* Program_6Tests */ = {
			isa = PBXNativeTarget;
			buildConfigurationList = 0A426DF222654AC000AEC09C /* Build configuration list for PBXNativeTarget "Program_6Tests" */;
			buildPhases = (
				E5A1EE6DF6AB697323225D33 /* [CP] Check Pods Manifest.lock */,
				0A426DD722654AC000AEC09C /* Sources */,
				0A426DD822654AC000AEC09C /* Frameworks */,
				0A426DD922654AC000AEC09C /* Resources */,
			);
			buildRules = (
			);
			dependencies = (
				0A426DDD22654AC000AEC09C /* PBXTargetDependency */,
			);
			name = Program_6Tests;
			productName = Program_6Tests;
			productReference = 0A426DDB22654AC000AEC09C /* Program_6Tests.xctest */;
			productType = "com.apple.product-type.bundle.unit-test";
		};
		0A426DE522654AC000AEC09C /* Program_6UITests */ = {
			isa = PBXNativeTarget;
			buildConfigurationList = 0A426DF522654AC000AEC09C /* Build configuration list for PBXNativeTarget "Program_6UITests" */;
			buildPhases = (
				B76CBB7AFDA080F658ECC27A /* [CP] Check Pods Manifest.lock */,
				0A426DE222654AC000AEC09C /* Sources */,
				0A426DE322654AC000AEC09C /* Frameworks */,
				0A426DE422654AC000AEC09C /* Resources */,
			);
			buildRules = (
			);
			dependencies = (
				0A426DE822654AC000AEC09C /* PBXTargetDependency */,
			);
			name = Program_6UITests;
			productName = Program_6UITests;
			productReference = 0A426DE622654AC000AEC09C /* Program_6UITests.xctest */;
			productType = "com.apple.product-type.bundle.ui-testing";
		};
/* End PBXNativeTarget section */

/* Begin PBXProject section */
		0A426DBC22654ABE00AEC09C /* Project object */ = {
			isa = PBXProject;
			attributes = {
				LastSwiftUpdateCheck = 1020;
				LastUpgradeCheck = 1020;
				ORGANIZATIONNAME = "Binghamton University";
				TargetAttributes = {
					0A426DC322654ABE00AEC09C = {
						CreatedOnToolsVersion = 10.2;
					};
					0A426DDA22654AC000AEC09C = {
						CreatedOnToolsVersion = 10.2;
						TestTargetID = 0A426DC322654ABE00AEC09C;
					};
					0A426DE522654AC000AEC09C = {
						CreatedOnToolsVersion = 10.2;
						TestTargetID = 0A426DC322654ABE00AEC09C;
					};
				};
			};
			buildConfigurationList = 0A426DBF22654ABE00AEC09C /* Build configuration list for PBXProject "Program_6" */;
			compatibilityVersion = "Xcode 9.3";
			developmentRegion = en;
			hasScannedForEncodings = 0;
			knownRegions = (
				en,
				Base,
			);
			mainGroup = 0A426DBB22654ABE00AEC09C;
			productRefGroup = 0A426DC522654ABE00AEC09C /* Products */;
			projectDirPath = "";
			projectRoot = "";
			targets = (
				0A426DC322654ABE00AEC09C /* Program_6 */,
				0A426DDA22654AC000AEC09C /* Program_6Tests */,
				0A426DE522654AC000AEC09C /* Program_6UITests */,
			);
		};
/* End PBXProject section */

/* Begin PBXResourcesBuildPhase section */
		0A426DC222654ABE00AEC09C /* Resources */ = {
			isa = PBXResourcesBuildPhase;
			buildActionMask = 2147483647;
			files = (
				0A426DD522654AC000AEC09C /* LaunchScreen.storyboard in Resources */,
				0A426DD222654AC000AEC09C /* Assets.xcassets in Resources */,
				0A426DCD22654ABE00AEC09C /* Main.storyboard in Resources */,
			);
			runOnlyForDeploymentPostprocessing = 0;
		};
		0A426DD922654AC000AEC09C /* Resources */ = {
			isa = PBXResourcesBuildPhase;
			buildActionMask = 2147483647;
			files = (
			);
			runOnlyForDeploymentPostprocessing = 0;
		};
		0A426DE422654AC000AEC09C /* Resources */ = {
			isa = PBXResourcesBuildPhase;
			buildActionMask = 2147483647;
			files = (
			);
			runOnlyForDeploymentPostprocessing = 0;
		};
/* End PBXResourcesBuildPhase section */

/* Begin PBXShellScriptBuildPhase section */
		B76CBB7AFDA080F658ECC27A /* [CP] Check Pods Manifest.lock */ = {
			isa = PBXShellScriptBuildPhase;
			buildActionMask = 2147483647;
			files = (
			);
			inputFileListPaths = (
			);
			inputPaths = (
				"${PODS_PODFILE_DIR_PATH}/Podfile.lock",
				"${PODS_ROOT}/Manifest.lock",
			);
			name = "[CP] Check Pods Manifest.lock";
			outputFileListPaths = (
			);
			outputPaths = (
				"$(DERIVED_FILE_DIR)/Pods-Program_6UITests-checkManifestLockResult.txt",
			);
			runOnlyForDeploymentPostprocessing = 0;
			shellPath = /bin/sh;
			shellScript = "diff \"${PODS_PODFILE_DIR_PATH}/Podfile.lock\" \"${PODS_ROOT}/Manifest.lock\" > /dev/null\nif [ $? != 0 ] ; then\n    # print error to STDERR\n    echo \"error: The sandbox is not in sync with the Podfile.lock. Run 'pod install' or update your CocoaPods installation.\" >&2\n    exit 1\nfi\n# This output is used by Xcode 'outputs' to avoid re-running this script phase.\necho \"SUCCESS\" > \"${SCRIPT_OUTPUT_FILE_0}\"\n";
			showEnvVarsInLog = 0;
		};
		D9555A5A26D6BA7EAC274C07 /* [CP] Check Pods Manifest.lock */ = {
			isa = PBXShellScriptBuildPhase;
			buildActionMask = 2147483647;
			files = (
			);
			inputFileListPaths = (
			);
			inputPaths = (
				"${PODS_PODFILE_DIR_PATH}/Podfile.lock",
				"${PODS_ROOT}/Manifest.lock",
			);
			name = "[CP] Check Pods Manifest.lock";
			outputFileListPaths = (
			);
			outputPaths = (
				"$(DERIVED_FILE_DIR)/Pods-Program_6-checkManifestLockResult.txt",
			);
			runOnlyForDeploymentPostprocessing = 0;
			shellPath = /bin/sh;
			shellScript = "diff \"${PODS_PODFILE_DIR_PATH}/Podfile.lock\" \"${PODS_ROOT}/Manifest.lock\" > /dev/null\nif [ $? != 0 ] ; then\n    # print error to STDERR\n    echo \"error: The sandbox is not in sync with the Podfile.lock. Run 'pod install' or update your CocoaPods installation.\" >&2\n    exit 1\nfi\n# This output is used by Xcode 'outputs' to avoid re-running this script phase.\necho \"SUCCESS\" > \"${SCRIPT_OUTPUT_FILE_0}\"\n";
			showEnvVarsInLog = 0;
		};
		E0E384F643F4477AEEC35A31 /* [CP] Embed Pods Frameworks */ = {
			isa = PBXShellScriptBuildPhase;
			buildActionMask = 2147483647;
			files = (
			);
			inputFileListPaths = (
			);
			inputPaths = (
				"${PODS_ROOT}/Target Support Files/Pods-Program_6/Pods-Program_6-frameworks.sh",
				"${BUILT_PRODUCTS_DIR}/Alamofire/Alamofire.framework",
				"${BUILT_PRODUCTS_DIR}/SwiftyJSON/SwiftyJSON.framework",
			);
			name = "[CP] Embed Pods Frameworks";
			outputFileListPaths = (
			);
			outputPaths = (
				"${TARGET_BUILD_DIR}/${FRAMEWORKS_FOLDER_PATH}/Alamofire.framework",
				"${TARGET_BUILD_DIR}/${FRAMEWORKS_FOLDER_PATH}/SwiftyJSON.framework",
			);
			runOnlyForDeploymentPostprocessing = 0;
			shellPath = /bin/sh;
			shellScript = "\"${PODS_ROOT}/Target Support Files/Pods-Program_6/Pods-Program_6-frameworks.sh\"\n";
			showEnvVarsInLog = 0;
		};
		E5A1EE6DF6AB697323225D33 /* [CP] Check Pods Manifest.lock */ = {
			isa = PBXShellScriptBuildPhase;
			buildActionMask = 2147483647;
			files = (
			);
			inputFileListPaths = (
			);
			inputPaths = (
				"${PODS_PODFILE_DIR_PATH}/Podfile.lock",
				"${PODS_ROOT}/Manifest.lock",
			);
			name = "[CP] Check Pods Manifest.lock";
			outputFileListPaths = (
			);
			outputPaths = (
				"$(DERIVED_FILE_DIR)/Pods-Program_6Tests-checkManifestLockResult.txt",
			);
			runOnlyForDeploymentPostprocessing = 0;
			shellPath = /bin/sh;
			shellScript = "diff \"${PODS_PODFILE_DIR_PATH}/Podfile.lock\" \"${PODS_ROOT}/Manifest.lock\" > /dev/null\nif [ $? != 0 ] ; then\n    # print error to STDERR\n    echo \"error: The sandbox is not in sync with the Podfile.lock. Run 'pod install' or update your CocoaPods installation.\" >&2\n    exit 1\nfi\n# This output is used by Xcode 'outputs' to avoid re-running this script phase.\necho \"SUCCESS\" > \"${SCRIPT_OUTPUT_FILE_0}\"\n";
			showEnvVarsInLog = 0;
		};
/* End PBXShellScriptBuildPhase section */

/* Begin PBXSourcesBuildPhase section */
		0A426DC022654ABE00AEC09C /* Sources */ = {
			isa = PBXSourcesBuildPhase;
			buildActionMask = 2147483647;
			files = (
				0A426DD022654ABE00AEC09C /* Program_6.xcdatamodeld in Sources */,
				0A426DCA22654ABE00AEC09C /* ViewController.swift in Sources */,
				0A426DC822654ABE00AEC09C /* AppDelegate.swift in Sources */,
			);
			runOnlyForDeploymentPostprocessing = 0;
		};
		0A426DD722654AC000AEC09C /* Sources */ = {
			isa = PBXSourcesBuildPhase;
			buildActionMask = 2147483647;
			files = (
				0A426DE022654AC000AEC09C /* Program_6Tests.swift in Sources */,
			);
			runOnlyForDeploymentPostprocessing = 0;
		};
		0A426DE222654AC000AEC09C /* Sources */ = {
			isa = PBXSourcesBuildPhase;
			buildActionMask = 2147483647;
			files = (
				0A426DEB22654AC000AEC09C /* Program_6UITests.swift in Sources */,
			);
			runOnlyForDeploymentPostprocessing = 0;
		};
/* End PBXSourcesBuildPhase section */

/* Begin PBXTargetDependency section */
		0A426DDD22654AC000AEC09C /* PBXTargetDependency */ = {
			isa = PBXTargetDependency;
			target = 0A426DC322654ABE00AEC09C /* Program_6 */;
			targetProxy = 0A426DDC22654AC000AEC09C /* PBXContainerItemProxy */;
		};
		0A426DE822654AC000AEC09C /* PBXTargetDependency */ = {
			isa = PBXTargetDependency;
			target = 0A426DC322654ABE00AEC09C /* Program_6 */;
			targetProxy = 0A426DE722654AC000AEC09C /* PBXContainerItemProxy */;
		};
/* End PBXTargetDependency section */

/* Begin PBXVariantGroup section */
		0A426DCB22654ABE00AEC09C /* Main.storyboard */ = {
			isa = PBXVariantGroup;
			children = (
				0A426DCC22654ABE00AEC09C /* Base */,
			);
			name = Main.storyboard;
			sourceTree = "<group>";
		};
		0A426DD322654AC000AEC09C /* LaunchScreen.storyboard */ = {
			isa = PBXVariantGroup;
			children = (
				0A426DD422654AC000AEC09C /* Base */,
			);
			name = LaunchScreen.storyboard;
			sourceTree = "<group>";
		};
/* End PBXVariantGroup section */

/* Begin XCBuildConfiguration section */
		0A426DED22654AC000AEC09C /* Debug */ = {
			isa = XCBuildConfiguration;
			buildSettings = {
				ALWAYS_SEARCH_USER_PATHS = NO;
				CLANG_ANALYZER_NONNULL = YES;
				CLANG_ANALYZER_NUMBER_OBJECT_CONVERSION = YES_AGGRESSIVE;
				CLANG_CXX_LANGUAGE_STANDARD = "gnu++14";
				CLANG_CXX_LIBRARY = "libc++";
				CLANG_ENABLE_MODULES = YES;
				CLANG_ENABLE_OBJC_ARC = YES;
				CLANG_ENABLE_OBJC_WEAK = YES;
				CLANG_WARN_BLOCK_CAPTURE_AUTORELEASING = YES;
				CLANG_WARN_BOOL_CONVERSION = YES;
				CLANG_WARN_COMMA = YES;
				CLANG_WARN_CONSTANT_CONVERSION = YES;
				CLANG_WARN_DEPRECATED_OBJC_IMPLEMENTATIONS = YES;
				CLANG_WARN_DIRECT_OBJC_ISA_USAGE = YES_ERROR;
				CLANG_WARN_DOCUMENTATION_COMMENTS = YES;
				CLANG_WARN_EMPTY_BODY = YES;
				CLANG_WARN_ENUM_CONVERSION = YES;
				CLANG_WARN_INFINITE_RECURSION = YES;
				CLANG_WARN_INT_CONVERSION = YES;
				CLANG_WARN_NON_LITERAL_NULL_CONVERSION = YES;
				CLANG_WARN_OBJC_IMPLICIT_RETAIN_SELF = YES;
				CLANG_WARN_OBJC_LITERAL_CONVERSION = YES;
				CLANG_WARN_OBJC_ROOT_CLASS = YES_ERROR;
				CLANG_WARN_RANGE_LOOP_ANALYSIS = YES;
				CLANG_WARN_STRICT_PROTOTYPES = YES;
				CLANG_WARN_SUSPICIOUS_MOVE = YES;
				CLANG_WARN_UNGUARDED_AVAILABILITY = YES_AGGRESSIVE;
				CLANG_WARN_UNREACHABLE_CODE = YES;
				CLANG_WARN__DUPLICATE_METHOD_MATCH = YES;
				CODE_SIGN_IDENTITY = "iPhone Developer";
				COPY_PHASE_STRIP = NO;
				DEBUG_INFORMATION_FORMAT = dwarf;
				ENABLE_STRICT_OBJC_MSGSEND = YES;
				ENABLE_TESTABILITY = YES;
				GCC_C_LANGUAGE_STANDARD = gnu11;
				GCC_DYNAMIC_NO_PIC = NO;
				GCC_NO_COMMON_BLOCKS = YES;
				GCC_OPTIMIZATION_LEVEL = 0;
				GCC_PREPROCESSOR_DEFINITIONS = (
					"DEBUG=1",
					"$(inherited)",
				);
				GCC_WARN_64_TO_32_BIT_CONVERSION = YES;
				GCC_WARN_ABOUT_RETURN_TYPE = YES_ERROR;
				GCC_WARN_UNDECLARED_SELECTOR = YES;
				GCC_WARN_UNINITIALIZED_AUTOS = YES_AGGRESSIVE;
				GCC_WARN_UNUSED_FUNCTION = YES;
				GCC_WARN_UNUSED_VARIABLE = YES;
				IPHONEOS_DEPLOYMENT_TARGET = 12.2;
				MTL_ENABLE_DEBUG_INFO = INCLUDE_SOURCE;
				MTL_FAST_MATH = YES;
				ONLY_ACTIVE_ARCH = YES;
				SDKROOT = iphoneos;
				SWIFT_ACTIVE_COMPILATION_CONDITIONS = DEBUG;
				SWIFT_OPTIMIZATION_LEVEL = "-Onone";
			};
			name = Debug;
		};
		0A426DEE22654AC000AEC09C /* Release */ = {
			isa = XCBuildConfiguration;
			buildSettings = {
				ALWAYS_SEARCH_USER_PATHS = NO;
				CLANG_ANALYZER_NONNULL = YES;
				CLANG_ANALYZER_NUMBER_OBJECT_CONVERSION = YES_AGGRESSIVE;
				CLANG_CXX_LANGUAGE_STANDARD = "gnu++14";
				CLANG_CXX_LIBRARY = "libc++";
				CLANG_ENABLE_MODULES = YES;
				CLANG_ENABLE_OBJC_ARC = YES;
				CLANG_ENABLE_OBJC_WEAK = YES;
				CLANG_WARN_BLOCK_CAPTURE_AUTORELEASING = YES;
				CLANG_WARN_BOOL_CONVERSION = YES;
				CLANG_WARN_COMMA = YES;
				CLANG_WARN_CONSTANT_CONVERSION = YES;
				CLANG_WARN_DEPRECATED_OBJC_IMPLEMENTATIONS = YES;
				CLANG_WARN_DIRECT_OBJC_ISA_USAGE = YES_ERROR;
				CLANG_WARN_DOCUMENTATION_COMMENTS = YES;
				CLANG_WARN_EMPTY_BODY = YES;
				CLANG_WARN_ENUM_CONVERSION = YES;
				CLANG_WARN_INFINITE_RECURSION = YES;
				CLANG_WARN_INT_CONVERSION = YES;
				CLANG_WARN_NON_LITERAL_NULL_CONVERSION = YES;
				CLANG_WARN_OBJC_IMPLICIT_RETAIN_SELF = YES;
				CLANG_WARN_OBJC_LITERAL_CONVERSION = YES;
				CLANG_WARN_OBJC_ROOT_CLASS = YES_ERROR;
				CLANG_WARN_RANGE_LOOP_ANALYSIS = YES;
				CLANG_WARN_STRICT_PROTOTYPES = YES;
				CLANG_WARN_SUSPICIOUS_MOVE = YES;
				CLANG_WARN_UNGUARDED_AVAILABILITY = YES_AGGRESSIVE;
				CLANG_WARN_UNREACHABLE_CODE = YES;
				CLANG_WARN__DUPLICATE_METHOD_MATCH = YES;
				CODE_SIGN_IDENTITY = "iPhone Developer";
				COPY_PHASE_STRIP = NO;
				DEBUG_INFORMATION_FORMAT = "dwarf-with-dsym";
				ENABLE_NS_ASSERTIONS = NO;
				ENABLE_STRICT_OBJC_MSGSEND = YES;
				GCC_C_LANGUAGE_STANDARD = gnu11;
				GCC_NO_COMMON_BLOCKS = YES;
				GCC_WARN_64_TO_32_BIT_CONVERSION = YES;
				GCC_WARN_ABOUT_RETURN_TYPE = YES_ERROR;
				GCC_WARN_UNDECLARED_SELECTOR = YES;
				GCC_WARN_UNINITIALIZED_AUTOS = YES_AGGRESSIVE;
				GCC_WARN_UNUSED_FUNCTION = YES;
				GCC_WARN_UNUSED_VARIABLE = YES;
				IPHONEOS_DEPLOYMENT_TARGET = 12.2;
				MTL_ENABLE_DEBUG_INFO = NO;
				MTL_FAST_MATH = YES;
				SDKROOT = iphoneos;
				SWIFT_COMPILATION_MODE = wholemodule;
				SWIFT_OPTIMIZATION_LEVEL = "-O";
				VALIDATE_PRODUCT = YES;
			};
			name = Release;
		};
		0A426DF022654AC000AEC09C /* Debug */ = {
			isa = XCBuildConfiguration;
			baseConfigurationReference = 7217BA1EA99D09914F7EB9C3 /* Pods-Program_6.debug.xcconfig */;
			buildSettings = {
				ASSETCATALOG_COMPILER_APPICON_NAME = AppIcon;
				CODE_SIGN_STYLE = Automatic;
				INFOPLIST_FILE = Program_6/Info.plist;
				IPHONEOS_DEPLOYMENT_TARGET = 12.0;
				LD_RUNPATH_SEARCH_PATHS = (
					"$(inherited)",
					"@executable_path/Frameworks",
				);
				PRODUCT_BUNDLE_IDENTIFIER = "edu.binghamton.cs.Program-6";
				PRODUCT_NAME = "$(TARGET_NAME)";
				SWIFT_VERSION = 5.0;
				TARGETED_DEVICE_FAMILY = "1,2";
			};
			name = Debug;
		};
		0A426DF122654AC000AEC09C /* Release */ = {
			isa = XCBuildConfiguration;
			baseConfigurationReference = E0CFD49AF8EEA961BCC0F017 /* Pods-Program_6.release.xcconfig */;
			buildSettings = {
				ASSETCATALOG_COMPILER_APPICON_NAME = AppIcon;
				CODE_SIGN_STYLE = Automatic;
				INFOPLIST_FILE = Program_6/Info.plist;
				IPHONEOS_DEPLOYMENT_TARGET = 12.0;
				LD_RUNPATH_SEARCH_PATHS = (
					"$(inherited)",
					"@executable_path/Frameworks",
				);
				PRODUCT_BUNDLE_IDENTIFIER = "edu.binghamton.cs.Program-6";
				PRODUCT_NAME = "$(TARGET_NAME)";
				SWIFT_VERSION = 5.0;
				TARGETED_DEVICE_FAMILY = "1,2";
			};
			name = Release;
		};
		0A426DF322654AC000AEC09C /* Debug */ = {
			isa = XCBuildConfiguration;
			baseConfigurationReference = DB82FC889D70492046117D2B /* Pods-Program_6Tests.debug.xcconfig */;
			buildSettings = {
				ALWAYS_EMBED_SWIFT_STANDARD_LIBRARIES = YES;
				BUNDLE_LOADER = "$(TEST_HOST)";
				CODE_SIGN_STYLE = Automatic;
				INFOPLIST_FILE = Program_6Tests/Info.plist;
				LD_RUNPATH_SEARCH_PATHS = (
					"$(inherited)",
					"@executable_path/Frameworks",
					"@loader_path/Frameworks",
				);
				PRODUCT_BUNDLE_IDENTIFIER = "edu.binghamton.cs.Program-6Tests";
				PRODUCT_NAME = "$(TARGET_NAME)";
				SWIFT_VERSION = 5.0;
				TARGETED_DEVICE_FAMILY = "1,2";
				TEST_HOST = "$(BUILT_PRODUCTS_DIR)/Program_6.app/Program_6";
			};
			name = Debug;
		};
		0A426DF422654AC000AEC09C /* Release */ = {
			isa = XCBuildConfiguration;
			baseConfigurationReference = FBF8AD4DF10E5C4D78829B3C /* Pods-Program_6Tests.release.xcconfig */;
			buildSettings = {
				ALWAYS_EMBED_SWIFT_STANDARD_LIBRARIES = YES;
				BUNDLE_LOADER = "$(TEST_HOST)";
				CODE_SIGN_STYLE = Automatic;
				INFOPLIST_FILE = Program_6Tests/Info.plist;
				LD_RUNPATH_SEARCH_PATHS = (
					"$(inherited)",
					"@executable_path/Frameworks",
					"@loader_path/Frameworks",
				);
				PRODUCT_BUNDLE_IDENTIFIER = "edu.binghamton.cs.Program-6Tests";
				PRODUCT_NAME = "$(TARGET_NAME)";
				SWIFT_VERSION = 5.0;
				TARGETED_DEVICE_FAMILY = "1,2";
				TEST_HOST = "$(BUILT_PRODUCTS_DIR)/Program_6.app/Program_6";
			};
			name = Release;
		};
		0A426DF622654AC000AEC09C /* Debug */ = {
			isa = XCBuildConfiguration;
			baseConfigurationReference = E34FBC2C88E89901EFC72668 /* Pods-Program_6UITests.debug.xcconfig */;
			buildSettings = {
				ALWAYS_EMBED_SWIFT_STANDARD_LIBRARIES = YES;
				CODE_SIGN_STYLE = Automatic;
				INFOPLIST_FILE = Program_6UITests/Info.plist;
				LD_RUNPATH_SEARCH_PATHS = (
					"$(inherited)",
					"@executable_path/Frameworks",
					"@loader_path/Frameworks",
				);
				PRODUCT_BUNDLE_IDENTIFIER = "edu.binghamton.cs.Program-6UITests";
				PRODUCT_NAME = "$(TARGET_NAME)";
				SWIFT_VERSION = 5.0;
				TARGETED_DEVICE_FAMILY = "1,2";
				TEST_TARGET_NAME = Program_6;
			};
			name = Debug;
		};
		0A426DF722654AC000AEC09C /* Release */ = {
			isa = XCBuildConfiguration;
			baseConfigurationReference = 173AF391CC728C9F74239339 /* Pods-Program_6UITests.release.xcconfig */;
			buildSettings = {
				ALWAYS_EMBED_SWIFT_STANDARD_LIBRARIES = YES;
				CODE_SIGN_STYLE = Automatic;
				INFOPLIST_FILE = Program_6UITests/Info.plist;
				LD_RUNPATH_SEARCH_PATHS = (
					"$(inherited)",
					"@executable_path/Frameworks",
					"@loader_path/Frameworks",
				);
				PRODUCT_BUNDLE_IDENTIFIER = "edu.binghamton.cs.Program-6UITests";
				PRODUCT_NAME = "$(TARGET_NAME)";
				SWIFT_VERSION = 5.0;
				TARGETED_DEVICE_FAMILY = "1,2";
				TEST_TARGET_NAME = Program_6;
			};
			name = Release;
		};
/* End XCBuildConfiguration section */

/* Begin XCConfigurationList section */
		0A426DBF22654ABE00AEC09C /* Build configuration list for PBXProject "Program_6" */ = {
			isa = XCConfigurationList;
			buildConfigurations = (
				0A426DED22654AC000AEC09C /* Debug */,
				0A426DEE22654AC000AEC09C /* Release */,
			);
			defaultConfigurationIsVisible = 0;
			defaultConfigurationName = Release;
		};
		0A426DEF22654AC000AEC09C /* Build configuration list for PBXNativeTarget "Program_6" */ = {
			isa = XCConfigurationList;
			buildConfigurations = (
				0A426DF022654AC000AEC09C /* Debug */,
				0A426DF122654AC000AEC09C /* Release */,
			);
			defaultConfigurationIsVisible = 0;
			defaultConfigurationName = Release;
		};
		0A426DF222654AC000AEC09C /* Build configuration list for PBXNativeTarget "Program_6Tests" */ = {
			isa = XCConfigurationList;
			buildConfigurations = (
				0A426DF322654AC000AEC09C /* Debug */,
				0A426DF422654AC000AEC09C /* Release */,
			);
			defaultConfigurationIsVisible = 0;
			defaultConfigurationName = Release;
		};
		0A426DF522654AC000AEC09C /* Build configuration list for PBXNativeTarget "Program_6UITests" */ = {
			isa = XCConfigurationList;
			buildConfigurations = (
				0A426DF622654AC000AEC09C /* Debug */,
				0A426DF722654AC000AEC09C /* Release */,
			);
			defaultConfigurationIsVisible = 0;
			defaultConfigurationName = Release;
		};
/* End XCConfigurationList section */

/* Begin XCVersionGroup section */
		0A426DCE22654ABE00AEC09C /* Program_6.xcdatamodeld */ = {
			isa = XCVersionGroup;
			children = (
				0A426DCF22654ABE00AEC09C /* Program_6.xcdatamodel */,
			);
			currentVersion = 0A426DCF22654ABE00AEC09C /* Program_6.xcdatamodel */;
			path = Program_6.xcdatamodeld;
			sourceTree = "<group>";
			versionGroupType = wrapper.xcdatamodel;
		};
/* End XCVersionGroup section */
	};
	rootObject = 0A426DBC22654ABE00AEC09C /* Project object */;
}
